{
  "name": "zspace-cli",
  "version": "0.1.0",
  "lockfileVersion": 3,
  "requires": true,
  "packages": {
    "": {
      "name": "zspace-cli",
      "version": "0.1.0",
      "license": "MIT",
      "bin": {
        "zspace": "bin/zspace.js",
        "zspace-mcp": "bin/zspace-mcp.js"
      },
      "engines": {
        "node": ">=22"
      }
    }
  }
}
