{
  "name": "zpace-cli",
  "version": "0.1.0",
  "lockfileVersion": 3,
  "requires": true,
  "packages": {
    "": {
      "name": "zpace-cli",
      "version": "0.1.0",
      "license": "MIT",
      "bin": {
        "zpace": "bin/zpace.js",
        "zpace-mcp": "bin/zpace-mcp.js"
      },
      "engines": {
        "node": ">=22"
      }
    }
  }
}
